
Microsoft Visual Studio Solution File, Format Version 12.00
# Visual Studio Version 17
VisualStudioVersion = 17.4.33103.184
MinimumVisualStudioVersion = 10.0.40219.1
Project("{FAE04EC0-301F-11D3-BF4B-00C04F79EFBC}") = "Burger", "Burger\Burger.csproj", "{3D0B0446-3B6C-4F4A-AB05-D580A0C52766}"
EndProject
Global
	GlobalSection(SolutionConfigurationPlatforms) = preSolution
		Debug|Any CPU = Debug|Any CPU
		Release|Any CPU = Release|Any CPU
	EndGlobalSection
	GlobalSection(ProjectConfigurationPlatforms) = postSolution
		{3D0B0446-3B6C-4F4A-AB05-D580A0C52766}.Debug|Any CPU.ActiveCfg = Debug|Any CPU
		{3D0B0446-3B6C-4F4A-AB05-D580A0C52766}.Debug|Any CPU.Build.0 = Debug|Any CPU
		{3D0B0446-3B6C-4F4A-AB05-D580A0C52766}.Release|Any CPU.ActiveCfg = Release|Any CPU
		{3D0B0446-3B6C-4F4A-AB05-D580A0C52766}.Release|Any CPU.Build.0 = Release|Any CPU
	EndGlobalSection
	GlobalSection(SolutionProperties) = preSolution
		HideSolutionNode = FALSE
	EndGlobalSection
	GlobalSection(ExtensibilityGlobals) = postSolution
		SolutionGuid = {6FF4BA15-21CE-409E-A3D3-5B8680021A22}
	EndGlobalSection
EndGlobal
